# THIS IS AN AUTOGENERATED FILE. DO NOT EDIT THIS FILE DIRECTLY.
# yarn lockfile v1


"@types/node@^8.0.9":
  version "8.0.9"
  resolved "https://registry.yarnpkg.com/@types/node/-/node-8.0.9.tgz#19f44c3b6cb8a70d261d366f73650e3e3891ab2d"

rest@^2.0.0:
  version "2.0.0"
  resolved "https://registry.yarnpkg.com/rest/-/rest-2.0.0.tgz#6dfadf66a405c49cfbd5b4bd25b59fd29cd861bc"
